
Microsoft Visual Studio Solution File, Format Version 12.00
# Visual Studio 2017
Project("{FAE04EC0-301F-11D3-BF4B-00C04F79EFBC}") = "GPS Location", "GPS Location.csproj", "{3351B28B-F048-E42A-E663-44A3594ED7EB}"
EndProject
Global
	GlobalSection(SolutionConfigurationPlatforms) = preSolution
		Debug|Any CPU = Debug|Any CPU
		Release|Any CPU = Release|Any CPU
	EndGlobalSection
	GlobalSection(ProjectConfigurationPlatforms) = postSolution
		{3351B28B-F048-E42A-E663-44A3594ED7EB}.Debug|Any CPU.ActiveCfg = Debug|Any CPU
		{3351B28B-F048-E42A-E663-44A3594ED7EB}.Debug|Any CPU.Build.0 = Debug|Any CPU
		{3351B28B-F048-E42A-E663-44A3594ED7EB}.Release|Any CPU.ActiveCfg = Release|Any CPU
		{3351B28B-F048-E42A-E663-44A3594ED7EB}.Release|Any CPU.Build.0 = Release|Any CPU
	EndGlobalSection
	GlobalSection(SolutionProperties) = preSolution
		HideSolutionNode = FALSE
	EndGlobalSection
EndGlobal
